// !$*UTF8*$!
{
	archiveVersion = 1;
	classes = {
	};
	objectVersion = 56;
	objects = {

/* Begin PBXBuildFile section */
		AD63083C29F30DF20030B2E3 /* AppDelegate.swift in Sources */ = {isa = PBXBuildFile; fileRef = AD63083B29F30DF20030B2E3 /* AppDelegate.swift */; };
		AD63083E29F30DF20030B2E3 /* SceneDelegate.swift in Sources */ = {isa = PBXBuildFile; fileRef = AD63083D29F30DF20030B2E3 /* SceneDelegate.swift */; };
		AD63084329F30DF20030B2E3 /* Main.storyboard in Resources */ = {isa = PBXBuildFile; fileRef = AD63084129F30DF20030B2E3 /* Main.storyboard */; };
		AD63084529F30DF30030B2E3 /* Assets.xcassets in Resources */ = {isa = PBXBuildFile; fileRef = AD63084429F30DF30030B2E3 /* Assets.xcassets */; };
		AD63084829F30DF30030B2E3 /* LaunchScreen.storyboard in Resources */ = {isa = PBXBuildFile; fileRef = AD63084629F30DF30030B2E3 /* LaunchScreen.storyboard */; };
		AD63085329F30F070030B2E3 /* Model.swift in Sources */ = {isa = PBXBuildFile; fileRef = AD63085229F30F070030B2E3 /* Model.swift */; };
		AD63085529F30F220030B2E3 /* Helper.swift in Sources */ = {isa = PBXBuildFile; fileRef = AD63085429F30F220030B2E3 /* Helper.swift */; };
		AD63085729F30F680030B2E3 /* SelectViewController.swift in Sources */ = {isa = PBXBuildFile; fileRef = AD63085629F30F680030B2E3 /* SelectViewController.swift */; };
		AD63085929F30F7F0030B2E3 /* QRScannerViewController.swift in Sources */ = {isa = PBXBuildFile; fileRef = AD63085829F30F7F0030B2E3 /* QRScannerViewController.swift */; };
		AD63085B29F30F8F0030B2E3 /* NextViewController.swift in Sources */ = {isa = PBXBuildFile; fileRef = AD63085A29F30F8F0030B2E3 /* NextViewController.swift */; };
		AD63085D29F30FA10030B2E3 /* DetailViewController.swift in Sources */ = {isa = PBXBuildFile; fileRef = AD63085C29F30FA10030B2E3 /* DetailViewController.swift */; };
		AD63085F29F30FB70030B2E3 /* ListTableViewController.swift in Sources */ = {isa = PBXBuildFile; fileRef = AD63085E29F30FB70030B2E3 /* ListTableViewController.swift */; };
		AD63086229F30FCA0030B2E3 /* ListTableViewCell.swift in Sources */ = {isa = PBXBuildFile; fileRef = AD63086029F30FCA0030B2E3 /* ListTableViewCell.swift */; };
		AD63086329F30FCA0030B2E3 /* ListTableViewCell.xib in Resources */ = {isa = PBXBuildFile; fileRef = AD63086129F30FCA0030B2E3 /* ListTableViewCell.xib */; };
		AD63086429F31CC90030B2E3 /* Pods_TheScanApp.framework in Frameworks */ = {isa = PBXBuildFile; fileRef = E29C8F874EE1FC0BC95BDE34 /* Pods_TheScanApp.framework */; };
/* End PBXBuildFile section */

/* Begin PBXFileReference section */
		864DBD2C426AB24F08D7C451 /* Pods-TheScanApp.release.xcconfig */ = {isa = PBXFileReference; includeInIndex = 1; lastKnownFileType = text.xcconfig; name = "Pods-TheScanApp.release.xcconfig"; path = "Target Support Files/Pods-TheScanApp/Pods-TheScanApp.release.xcconfig"; sourceTree = "<group>"; };
		AD63083829F30DF20030B2E3 /* TheScanApp.app */ = {isa = PBXFileReference; explicitFileType = wrapper.application; includeInIndex = 0; path = TheScanApp.app; sourceTree = BUILT_PRODUCTS_DIR; };
		AD63083B29F30DF20030B2E3 /* AppDelegate.swift */ = {isa = PBXFileReference; lastKnownFileType = sourcecode.swift; path = AppDelegate.swift; sourceTree = "<group>"; };
		AD63083D29F30DF20030B2E3 /* SceneDelegate.swift */ = {isa = PBXFileReference; lastKnownFileType = sourcecode.swift; path = SceneDelegate.swift; sourceTree = "<group>"; };
		AD63084229F30DF20030B2E3 /* Base */ = {isa = PBXFileReference; lastKnownFileType = file.storyboard; name = Base; path = Base.lproj/Main.storyboard; sourceTree = "<group>"; };
		AD63084429F30DF30030B2E3 /* Assets.xcassets */ = {isa = PBXFileReference; lastKnownFileType = folder.assetcatalog; path = Assets.xcassets; sourceTree = "<group>"; };
		AD63084729F30DF30030B2E3 /* Base */ = {isa = PBXFileReference; lastKnownFileType = file.storyboard; name = Base; path = Base.lproj/LaunchScreen.storyboard; sourceTree = "<group>"; };
		AD63084929F30DF30030B2E3 /* Info.plist */ = {isa = PBXFileReference; lastKnownFileType = text.plist.xml; path = Info.plist; sourceTree = "<group>"; };
		AD63085229F30F070030B2E3 /* Model.swift */ = {isa = PBXFileReference; lastKnownFileType = sourcecode.swift; path = Model.swift; sourceTree = "<group>"; };
		AD63085429F30F220030B2E3 /* Helper.swift */ = {isa = PBXFileReference; lastKnownFileType = sourcecode.swift; path = Helper.swift; sourceTree = "<group>"; };
		AD63085629F30F680030B2E3 /* SelectViewController.swift */ = {isa = PBXFileReference; lastKnownFileType = sourcecode.swift; path = SelectViewController.swift; sourceTree = "<group>"; };
		AD63085829F30F7F0030B2E3 /* QRScannerViewController.swift */ = {isa = PBXFileReference; lastKnownFileType = sourcecode.swift; path = QRScannerViewController.swift; sourceTree = "<group>"; };
		AD63085A29F30F8F0030B2E3 /* NextViewController.swift */ = {isa = PBXFileReference; lastKnownFileType = sourcecode.swift; path = NextViewController.swift; sourceTree = "<group>"; };
		AD63085C29F30FA10030B2E3 /* DetailViewController.swift */ = {isa = PBXFileReference; lastKnownFileType = sourcecode.swift; path = DetailViewController.swift; sourceTree = "<group>"; };
		AD63085E29F30FB70030B2E3 /* ListTableViewController.swift */ = {isa = PBXFileReference; lastKnownFileType = sourcecode.swift; path = ListTableViewController.swift; sourceTree = "<group>"; };
		AD63086029F30FCA0030B2E3 /* ListTableViewCell.swift */ = {isa = PBXFileReference; lastKnownFileType = sourcecode.swift; path = ListTableViewCell.swift; sourceTree = "<group>"; };
		AD63086129F30FCA0030B2E3 /* ListTableViewCell.xib */ = {isa = PBXFileReference; lastKnownFileType = file.xib; path = ListTableViewCell.xib; sourceTree = "<group>"; };
		C24C26FD8163E4E763659978 /* Pods-TheScanApp.debug.xcconfig */ = {isa = PBXFileReference; includeInIndex = 1; lastKnownFileType = text.xcconfig; name = "Pods-TheScanApp.debug.xcconfig"; path = "Target Support Files/Pods-TheScanApp/Pods-TheScanApp.debug.xcconfig"; sourceTree = "<group>"; };
		E29C8F874EE1FC0BC95BDE34 /* Pods_TheScanApp.framework */ = {isa = PBXFileReference; explicitFileType = wrapper.framework; includeInIndex = 0; path = Pods_TheScanApp.framework; sourceTree = BUILT_PRODUCTS_DIR; };
/* End PBXFileReference section */

/* Begin PBXFrameworksBuildPhase section */
		AD63083529F30DF20030B2E3 /* Frameworks */ = {
			isa = PBXFrameworksBuildPhase;
			buildActionMask = 2147483647;
			files = (
				AD63086429F31CC90030B2E3 /* Pods_TheScanApp.framework in Frameworks */,
			);
			runOnlyForDeploymentPostprocessing = 0;
		};
/* End PBXFrameworksBuildPhase section */

/* Begin PBXGroup section */
		5A039F3784A3C244FA9BE798 /* Frameworks */ = {
			isa = PBXGroup;
			children = (
				E29C8F874EE1FC0BC95BDE34 /* Pods_TheScanApp.framework */,
			);
			name = Frameworks;
			sourceTree = "<group>";
		};
		AD63082F29F30DF20030B2E3 = {
			isa = PBXGroup;
			children = (
				AD63083A29F30DF20030B2E3 /* TheScanApp */,
				AD63083929F30DF20030B2E3 /* Products */,
				D4382E5576B397CA91D3E3FC /* Pods */,
				5A039F3784A3C244FA9BE798 /* Frameworks */,
			);
			sourceTree = "<group>";
		};
		AD63083929F30DF20030B2E3 /* Products */ = {
			isa = PBXGroup;
			children = (
				AD63083829F30DF20030B2E3 /* TheScanApp.app */,
			);
			name = Products;
			sourceTree = "<group>";
		};
		AD63083A29F30DF20030B2E3 /* TheScanApp */ = {
			isa = PBXGroup;
			children = (
				AD63084F29F30E0E0030B2E3 /* Model */,
				AD63085029F30E1C0030B2E3 /* Storyboards */,
				AD63085129F30E2C0030B2E3 /* Views */,
				AD63083B29F30DF20030B2E3 /* AppDelegate.swift */,
				AD63083D29F30DF20030B2E3 /* SceneDelegate.swift */,
				AD63084429F30DF30030B2E3 /* Assets.xcassets */,
				AD63084929F30DF30030B2E3 /* Info.plist */,
			);
			path = TheScanApp;
			sourceTree = "<group>";
		};
		AD63084F29F30E0E0030B2E3 /* Model */ = {
			isa = PBXGroup;
			children = (
				AD63085229F30F070030B2E3 /* Model.swift */,
				AD63085429F30F220030B2E3 /* Helper.swift */,
			);
			path = Model;
			sourceTree = "<group>";
		};
		AD63085029F30E1C0030B2E3 /* Storyboards */ = {
			isa = PBXGroup;
			children = (
				AD63084129F30DF20030B2E3 /* Main.storyboard */,
				AD63086129F30FCA0030B2E3 /* ListTableViewCell.xib */,
				AD63084629F30DF30030B2E3 /* LaunchScreen.storyboard */,
			);
			path = Storyboards;
			sourceTree = "<group>";
		};
		AD63085129F30E2C0030B2E3 /* Views */ = {
			isa = PBXGroup;
			children = (
				AD63085629F30F680030B2E3 /* SelectViewController.swift */,
				AD63085829F30F7F0030B2E3 /* QRScannerViewController.swift */,
				AD63085A29F30F8F0030B2E3 /* NextViewController.swift */,
				AD63085C29F30FA10030B2E3 /* DetailViewController.swift */,
				AD63085E29F30FB70030B2E3 /* ListTableViewController.swift */,
				AD63086029F30FCA0030B2E3 /* ListTableViewCell.swift */,
			);
			path = Views;
			sourceTree = "<group>";
		};
		D4382E5576B397CA91D3E3FC /* Pods */ = {
			isa = PBXGroup;
			children = (
				C24C26FD8163E4E763659978 /* Pods-TheScanApp.debug.xcconfig */,
				864DBD2C426AB24F08D7C451 /* Pods-TheScanApp.release.xcconfig */,
			);
			path = Pods;
			sourceTree = "<group>";
		};
/* End PBXGroup section */

/* Begin PBXNativeTarget section */
		AD63083729F30DF20030B2E3 /* TheScanApp */ = {
			isa = PBXNativeTarget;
			buildConfigurationList = AD63084C29F30DF30030B2E3 /* Build configuration list for PBXNativeTarget "TheScanApp" */;
			buildPhases = (
				07F41B18EE9D5E2B3491B367 /* [CP] Check Pods Manifest.lock */,
				AD63083429F30DF20030B2E3 /* Sources */,
				AD63083529F30DF20030B2E3 /* Frameworks */,
				AD63083629F30DF20030B2E3 /* Resources */,
				2181ADF992A641F5B8DA10FE /* [CP] Embed Pods Frameworks */,
			);
			buildRules = (
			);
			dependencies = (
			);
			name = TheScanApp;
			productName = TheScanApp;
			productReference = AD63083829F30DF20030B2E3 /* TheScanApp.app */;
			productType = "com.apple.product-type.application";
		};
/* End PBXNativeTarget section */

/* Begin PBXProject section */
		AD63083029F30DF20030B2E3 /* Project object */ = {
			isa = PBXProject;
			attributes = {
				BuildIndependentTargetsInParallel = 1;
				LastSwiftUpdateCheck = 1430;
				LastUpgradeCheck = 1430;
				TargetAttributes = {
					AD63083729F30DF20030B2E3 = {
						CreatedOnToolsVersion = 14.3;
					};
				};
			};
			buildConfigurationList = AD63083329F30DF20030B2E3 /* Build configuration list for PBXProject "TheScanApp" */;
			compatibilityVersion = "Xcode 14.0";
			developmentRegion = en;
			hasScannedForEncodings = 0;
			knownRegions = (
				en,
				Base,
			);
			mainGroup = AD63082F29F30DF20030B2E3;
			productRefGroup = AD63083929F30DF20030B2E3 /* Products */;
			projectDirPath = "";
			projectRoot = "";
			targets = (
				AD63083729F30DF20030B2E3 /* TheScanApp */,
			);
		};
/* End PBXProject section */

/* Begin PBXResourcesBuildPhase section */
		AD63083629F30DF20030B2E3 /* Resources */ = {
			isa = PBXResourcesBuildPhase;
			buildActionMask = 2147483647;
			files = (
				AD63084829F30DF30030B2E3 /* LaunchScreen.storyboard in Resources */,
				AD63086329F30FCA0030B2E3 /* ListTableViewCell.xib in Resources */,
				AD63084529F30DF30030B2E3 /* Assets.xcassets in Resources */,
				AD63084329F30DF20030B2E3 /* Main.storyboard in Resources */,
			);
			runOnlyForDeploymentPostprocessing = 0;
		};
/* End PBXResourcesBuildPhase section */

/* Begin PBXShellScriptBuildPhase section */
		07F41B18EE9D5E2B3491B367 /* [CP] Check Pods Manifest.lock */ = {
			isa = PBXShellScriptBuildPhase;
			buildActionMask = 2147483647;
			files = (
			);
			inputFileListPaths = (
			);
			inputPaths = (
				"${PODS_PODFILE_DIR_PATH}/Podfile.lock",
				"${PODS_ROOT}/Manifest.lock",
			);
			name = "[CP] Check Pods Manifest.lock";
			outputFileListPaths = (
			);
			outputPaths = (
				"$(DERIVED_FILE_DIR)/Pods-TheScanApp-checkManifestLockResult.txt",
			);
			runOnlyForDeploymentPostprocessing = 0;
			shellPath = /bin/sh;
			shellScript = "diff \"${PODS_PODFILE_DIR_PATH}/Podfile.lock\" \"${PODS_ROOT}/Manifest.lock\" > /dev/null\nif [ $? != 0 ] ; then\n    # print error to STDERR\n    echo \"error: The sandbox is not in sync with the Podfile.lock. Run 'pod install' or update your CocoaPods installation.\" >&2\n    exit 1\nfi\n# This output is used by Xcode 'outputs' to avoid re-running this script phase.\necho \"SUCCESS\" > \"${SCRIPT_OUTPUT_FILE_0}\"\n";
			showEnvVarsInLog = 0;
		};
		2181ADF992A641F5B8DA10FE /* [CP] Embed Pods Frameworks */ = {
			isa = PBXShellScriptBuildPhase;
			buildActionMask = 2147483647;
			files = (
			);
			inputFileListPaths = (
				"${PODS_ROOT}/Target Support Files/Pods-TheScanApp/Pods-TheScanApp-frameworks-${CONFIGURATION}-input-files.xcfilelist",
			);
			name = "[CP] Embed Pods Frameworks";
			outputFileListPaths = (
				"${PODS_ROOT}/Target Support Files/Pods-TheScanApp/Pods-TheScanApp-frameworks-${CONFIGURATION}-output-files.xcfilelist",
			);
			runOnlyForDeploymentPostprocessing = 0;
			shellPath = /bin/sh;
			shellScript = "\"${PODS_ROOT}/Target Support Files/Pods-TheScanApp/Pods-TheScanApp-frameworks.sh\"\n";
			showEnvVarsInLog = 0;
		};
/* End PBXShellScriptBuildPhase section */

/* Begin PBXSourcesBuildPhase section */
		AD63083429F30DF20030B2E3 /* Sources */ = {
			isa = PBXSourcesBuildPhase;
			buildActionMask = 2147483647;
			files = (
				AD63085729F30F680030B2E3 /* SelectViewController.swift in Sources */,
				AD63085B29F30F8F0030B2E3 /* NextViewController.swift in Sources */,
				AD63085329F30F070030B2E3 /* Model.swift in Sources */,
				AD63085929F30F7F0030B2E3 /* QRScannerViewController.swift in Sources */,
				AD63083C29F30DF20030B2E3 /* AppDelegate.swift in Sources */,
				AD63083E29F30DF20030B2E3 /* SceneDelegate.swift in Sources */,
				AD63085F29F30FB70030B2E3 /* ListTableViewController.swift in Sources */,
				AD63085529F30F220030B2E3 /* Helper.swift in Sources */,
				AD63085D29F30FA10030B2E3 /* DetailViewController.swift in Sources */,
				AD63086229F30FCA0030B2E3 /* ListTableViewCell.swift in Sources */,
			);
			runOnlyForDeploymentPostprocessing = 0;
		};
/* End PBXSourcesBuildPhase section */

/* Begin PBXVariantGroup section */
		AD63084129F30DF20030B2E3 /* Main.storyboard */ = {
			isa = PBXVariantGroup;
			children = (
				AD63084229F30DF20030B2E3 /* Base */,
			);
			name = Main.storyboard;
			sourceTree = "<group>";
		};
		AD63084629F30DF30030B2E3 /* LaunchScreen.storyboard */ = {
			isa = PBXVariantGroup;
			children = (
				AD63084729F30DF30030B2E3 /* Base */,
			);
			name = LaunchScreen.storyboard;
			sourceTree = "<group>";
		};
/* End PBXVariantGroup section */

/* Begin XCBuildConfiguration section */
		AD63084A29F30DF30030B2E3 /* Debug */ = {
			isa = XCBuildConfiguration;
			buildSettings = {
				ALWAYS_SEARCH_USER_PATHS = NO;
				CLANG_ANALYZER_NONNULL = YES;
				CLANG_ANALYZER_NUMBER_OBJECT_CONVERSION = YES_AGGRESSIVE;
				CLANG_CXX_LANGUAGE_STANDARD = "gnu++20";
				CLANG_ENABLE_MODULES = YES;
				CLANG_ENABLE_OBJC_ARC = YES;
				CLANG_ENABLE_OBJC_WEAK = YES;
				CLANG_WARN_BLOCK_CAPTURE_AUTORELEASING = YES;
				CLANG_WARN_BOOL_CONVERSION = YES;
				CLANG_WARN_COMMA = YES;
				CLANG_WARN_CONSTANT_CONVERSION = YES;
				CLANG_WARN_DEPRECATED_OBJC_IMPLEMENTATIONS = YES;
				CLANG_WARN_DIRECT_OBJC_ISA_USAGE = YES_ERROR;
				CLANG_WARN_DOCUMENTATION_COMMENTS = YES;
				CLANG_WARN_EMPTY_BODY = YES;
				CLANG_WARN_ENUM_CONVERSION = YES;
				CLANG_WARN_INFINITE_RECURSION = YES;
				CLANG_WARN_INT_CONVERSION = YES;
				CLANG_WARN_NON_LITERAL_NULL_CONVERSION = YES;
				CLANG_WARN_OBJC_IMPLICIT_RETAIN_SELF = YES;
				CLANG_WARN_OBJC_LITERAL_CONVERSION = YES;
				CLANG_WARN_OBJC_ROOT_CLASS = YES_ERROR;
				CLANG_WARN_QUOTED_INCLUDE_IN_FRAMEWORK_HEADER = YES;
				CLANG_WARN_RANGE_LOOP_ANALYSIS = YES;
				CLANG_WARN_STRICT_PROTOTYPES = YES;
				CLANG_WARN_SUSPICIOUS_MOVE = YES;
				CLANG_WARN_UNGUARDED_AVAILABILITY = YES_AGGRESSIVE;
				CLANG_WARN_UNREACHABLE_CODE = YES;
				CLANG_WARN__DUPLICATE_METHOD_MATCH = YES;
				COPY_PHASE_STRIP = NO;
				DEBUG_INFORMATION_FORMAT = dwarf;
				ENABLE_STRICT_OBJC_MSGSEND = YES;
				ENABLE_TESTABILITY = YES;
				GCC_C_LANGUAGE_STANDARD = gnu11;
				GCC_DYNAMIC_NO_PIC = NO;
				GCC_NO_COMMON_BLOCKS = YES;
				GCC_OPTIMIZATION_LEVEL = 0;
				GCC_PREPROCESSOR_DEFINITIONS = (
					"DEBUG=1",
					"$(inherited)",
				);
				GCC_WARN_64_TO_32_BIT_CONVERSION = YES;
				GCC_WARN_ABOUT_RETURN_TYPE = YES_ERROR;
				GCC_WARN_UNDECLARED_SELECTOR = YES;
				GCC_WARN_UNINITIALIZED_AUTOS = YES_AGGRESSIVE;
				GCC_WARN_UNUSED_FUNCTION = YES;
				GCC_WARN_UNUSED_VARIABLE = YES;
				IPHONEOS_DEPLOYMENT_TARGET = 16.4;
				MTL_ENABLE_DEBUG_INFO = INCLUDE_SOURCE;
				MTL_FAST_MATH = YES;
				ONLY_ACTIVE_ARCH = YES;
				SDKROOT = iphoneos;
				SWIFT_ACTIVE_COMPILATION_CONDITIONS = DEBUG;
				SWIFT_OPTIMIZATION_LEVEL = "-Onone";
			};
			name = Debug;
		};
		AD63084B29F30DF30030B2E3 /* Release */ = {
			isa = XCBuildConfiguration;
			buildSettings = {
				ALWAYS_SEARCH_USER_PATHS = NO;
				CLANG_ANALYZER_NONNULL = YES;
				CLANG_ANALYZER_NUMBER_OBJECT_CONVERSION = YES_AGGRESSIVE;
				CLANG_CXX_LANGUAGE_STANDARD = "gnu++20";
				CLANG_ENABLE_MODULES = YES;
				CLANG_ENABLE_OBJC_ARC = YES;
				CLANG_ENABLE_OBJC_WEAK = YES;
				CLANG_WARN_BLOCK_CAPTURE_AUTORELEASING = YES;
				CLANG_WARN_BOOL_CONVERSION = YES;
				CLANG_WARN_COMMA = YES;
				CLANG_WARN_CONSTANT_CONVERSION = YES;
				CLANG_WARN_DEPRECATED_OBJC_IMPLEMENTATIONS = YES;
				CLANG_WARN_DIRECT_OBJC_ISA_USAGE = YES_ERROR;
				CLANG_WARN_DOCUMENTATION_COMMENTS = YES;
				CLANG_WARN_EMPTY_BODY = YES;
				CLANG_WARN_ENUM_CONVERSION = YES;
				CLANG_WARN_INFINITE_RECURSION = YES;
				CLANG_WARN_INT_CONVERSION = YES;
				CLANG_WARN_NON_LITERAL_NULL_CONVERSION = YES;
				CLANG_WARN_OBJC_IMPLICIT_RETAIN_SELF = YES;
				CLANG_WARN_OBJC_LITERAL_CONVERSION = YES;
				CLANG_WARN_OBJC_ROOT_CLASS = YES_ERROR;
				CLANG_WARN_QUOTED_INCLUDE_IN_FRAMEWORK_HEADER = YES;
				CLANG_WARN_RANGE_LOOP_ANALYSIS = YES;
				CLANG_WARN_STRICT_PROTOTYPES = YES;
				CLANG_WARN_SUSPICIOUS_MOVE = YES;
				CLANG_WARN_UNGUARDED_AVAILABILITY = YES_AGGRESSIVE;
				CLANG_WARN_UNREACHABLE_CODE = YES;
				CLANG_WARN__DUPLICATE_METHOD_MATCH = YES;
				COPY_PHASE_STRIP = NO;
				DEBUG_INFORMATION_FORMAT = "dwarf-with-dsym";
				ENABLE_NS_ASSERTIONS = NO;
				ENABLE_STRICT_OBJC_MSGSEND = YES;
				GCC_C_LANGUAGE_STANDARD = gnu11;
				GCC_NO_COMMON_BLOCKS = YES;
				GCC_WARN_64_TO_32_BIT_CONVERSION = YES;
				GCC_WARN_ABOUT_RETURN_TYPE = YES_ERROR;
				GCC_WARN_UNDECLARED_SELECTOR = YES;
				GCC_WARN_UNINITIALIZED_AUTOS = YES_AGGRESSIVE;
				GCC_WARN_UNUSED_FUNCTION = YES;
				GCC_WARN_UNUSED_VARIABLE = YES;
				IPHONEOS_DEPLOYMENT_TARGET = 16.4;
				MTL_ENABLE_DEBUG_INFO = NO;
				MTL_FAST_MATH = YES;
				SDKROOT = iphoneos;
				SWIFT_COMPILATION_MODE = wholemodule;
				SWIFT_OPTIMIZATION_LEVEL = "-O";
				VALIDATE_PRODUCT = YES;
			};
			name = Release;
		};
		AD63084D29F30DF30030B2E3 /* Debug */ = {
			isa = XCBuildConfiguration;
			baseConfigurationReference = C24C26FD8163E4E763659978 /* Pods-TheScanApp.debug.xcconfig */;
			buildSettings = {
				ASSETCATALOG_COMPILER_APPICON_NAME = AppIcon;
				ASSETCATALOG_COMPILER_GLOBAL_ACCENT_COLOR_NAME = AccentColor;
				CODE_SIGN_STYLE = Automatic;
				CURRENT_PROJECT_VERSION = 1;
				DEVELOPMENT_TEAM = HT5BM9TLAU;
				GENERATE_INFOPLIST_FILE = YES;
				INFOPLIST_FILE = TheScanApp/Info.plist;
				INFOPLIST_KEY_CFBundleDisplayName = "QR&TextScanner";
				INFOPLIST_KEY_LSApplicationCategoryType = "public.app-category.utilities";
				INFOPLIST_KEY_UIApplicationSupportsIndirectInputEvents = YES;
				INFOPLIST_KEY_UILaunchStoryboardName = LaunchScreen;
				INFOPLIST_KEY_UIMainStoryboardFile = Main;
				INFOPLIST_KEY_UISupportedInterfaceOrientations = UIInterfaceOrientationPortrait;
				INFOPLIST_KEY_UISupportedInterfaceOrientations_iPad = "UIInterfaceOrientationLandscapeLeft UIInterfaceOrientationLandscapeRight UIInterfaceOrientationPortrait UIInterfaceOrientationPortraitUpsideDown";
				IPHONEOS_DEPLOYMENT_TARGET = 16.0;
				LD_RUNPATH_SEARCH_PATHS = (
					"$(inherited)",
					"@executable_path/Frameworks",
				);
				MARKETING_VERSION = 1.4;
				PRODUCT_BUNDLE_IDENTIFIER = "Shinichi-Omi.TheScanApp";
				PRODUCT_NAME = "$(TARGET_NAME)";
				SUPPORTED_PLATFORMS = "iphoneos iphonesimulator";
				SUPPORTS_MACCATALYST = NO;
				SUPPORTS_MAC_DESIGNED_FOR_IPHONE_IPAD = NO;
				SWIFT_EMIT_LOC_STRINGS = YES;
				SWIFT_VERSION = 5.0;
				TARGETED_DEVICE_FAMILY = "1,2";
			};
			name = Debug;
		};
		AD63084E29F30DF30030B2E3 /* Release */ = {
			isa = XCBuildConfiguration;
			baseConfigurationReference = 864DBD2C426AB24F08D7C451 /* Pods-TheScanApp.release.xcconfig */;
			buildSettings = {
				ASSETCATALOG_COMPILER_APPICON_NAME = AppIcon;
				ASSETCATALOG_COMPILER_GLOBAL_ACCENT_COLOR_NAME = AccentColor;
				CODE_SIGN_STYLE = Automatic;
				CURRENT_PROJECT_VERSION = 1;
				DEVELOPMENT_TEAM = HT5BM9TLAU;
				GENERATE_INFOPLIST_FILE = YES;
				INFOPLIST_FILE = TheScanApp/Info.plist;
				INFOPLIST_KEY_CFBundleDisplayName = "QR&TextScanner";
				INFOPLIST_KEY_LSApplicationCategoryType = "public.app-category.utilities";
				INFOPLIST_KEY_UIApplicationSupportsIndirectInputEvents = YES;
				INFOPLIST_KEY_UILaunchStoryboardName = LaunchScreen;
				INFOPLIST_KEY_UIMainStoryboardFile = Main;
				INFOPLIST_KEY_UISupportedInterfaceOrientations = UIInterfaceOrientationPortrait;
				INFOPLIST_KEY_UISupportedInterfaceOrientations_iPad = "UIInterfaceOrientationLandscapeLeft UIInterfaceOrientationLandscapeRight UIInterfaceOrientationPortrait UIInterfaceOrientationPortraitUpsideDown";
				IPHONEOS_DEPLOYMENT_TARGET = 16.0;
				LD_RUNPATH_SEARCH_PATHS = (
					"$(inherited)",
					"@executable_path/Frameworks",
				);
				MARKETING_VERSION = 1.4;
				PRODUCT_BUNDLE_IDENTIFIER = "Shinichi-Omi.TheScanApp";
				PRODUCT_NAME = "$(TARGET_NAME)";
				SUPPORTED_PLATFORMS = "iphoneos iphonesimulator";
				SUPPORTS_MACCATALYST = NO;
				SUPPORTS_MAC_DESIGNED_FOR_IPHONE_IPAD = NO;
				SWIFT_EMIT_LOC_STRINGS = YES;
				SWIFT_VERSION = 5.0;
				TARGETED_DEVICE_FAMILY = "1,2";
			};
			name = Release;
		};
/* End XCBuildConfiguration section */

/* Begin XCConfigurationList section */
		AD63083329F30DF20030B2E3 /* Build configuration list for PBXProject "TheScanApp" */ = {
			isa = XCConfigurationList;
			buildConfigurations = (
				AD63084A29F30DF30030B2E3 /* Debug */,
				AD63084B29F30DF30030B2E3 /* Release */,
			);
			defaultConfigurationIsVisible = 0;
			defaultConfigurationName = Release;
		};
		AD63084C29F30DF30030B2E3 /* Build configuration list for PBXNativeTarget "TheScanApp" */ = {
			isa = XCConfigurationList;
			buildConfigurations = (
				AD63084D29F30DF30030B2E3 /* Debug */,
				AD63084E29F30DF30030B2E3 /* Release */,
			);
			defaultConfigurationIsVisible = 0;
			defaultConfigurationName = Release;
		};
/* End XCConfigurationList section */
	};
	rootObject = AD63083029F30DF20030B2E3 /* Project object */;
}
